
Microsoft Visual Studio Solution File, Format Version 12.00
# Visual Studio Version 16
VisualStudioVersion = 16.0.29306.81
MinimumVisualStudioVersion = 10.0.40219.1
Project("{FAE04EC0-301F-11D3-BF4B-00C04F79EFBC}") = "UrlAndRoutes", "UrlAndRoutes\UrlAndRoutes.csproj", "{FEB50838-9696-4A63-B956-E0323D0A67B1}"
EndProject
Project("{FAE04EC0-301F-11D3-BF4B-00C04F79EFBC}") = "UrlAndRoutes.Tests", "UrlAndRoutes.Tests\UrlAndRoutes.Tests.csproj", "{87F265AE-EC9B-4B52-8854-311E08F8C07F}"
EndProject
Global
	GlobalSection(SolutionConfigurationPlatforms) = preSolution
		Debug|Any CPU = Debug|Any CPU
		Release|Any CPU = Release|Any CPU
	EndGlobalSection
	GlobalSection(ProjectConfigurationPlatforms) = postSolution
		{FEB50838-9696-4A63-B956-E0323D0A67B1}.Debug|Any CPU.ActiveCfg = Debug|Any CPU
		{FEB50838-9696-4A63-B956-E0323D0A67B1}.Debug|Any CPU.Build.0 = Debug|Any CPU
		{FEB50838-9696-4A63-B956-E0323D0A67B1}.Release|Any CPU.ActiveCfg = Release|Any CPU
		{FEB50838-9696-4A63-B956-E0323D0A67B1}.Release|Any CPU.Build.0 = Release|Any CPU
		{87F265AE-EC9B-4B52-8854-311E08F8C07F}.Debug|Any CPU.ActiveCfg = Debug|Any CPU
		{87F265AE-EC9B-4B52-8854-311E08F8C07F}.Debug|Any CPU.Build.0 = Debug|Any CPU
		{87F265AE-EC9B-4B52-8854-311E08F8C07F}.Release|Any CPU.ActiveCfg = Release|Any CPU
		{87F265AE-EC9B-4B52-8854-311E08F8C07F}.Release|Any CPU.Build.0 = Release|Any CPU
	EndGlobalSection
	GlobalSection(SolutionProperties) = preSolution
		HideSolutionNode = FALSE
	EndGlobalSection
	GlobalSection(ExtensibilityGlobals) = postSolution
		SolutionGuid = {830B4C37-3F9B-42B4-8C7C-F1E77C9F4D1A}
	EndGlobalSection
EndGlobal
